
Microsoft Visual Studio Solution File, Format Version 12.00
# Visual Studio Version 17
VisualStudioVersion = 17.3.32901.215
MinimumVisualStudioVersion = 10.0.40219.1
Project("{FAE04EC0-301F-11D3-BF4B-00C04F79EFBC}") = "WebApiAcmeEncuestasV1", "WebApiAcmeEncuestasV1.csproj", "{FC457F38-FF8B-483F-83B5-F095669A9B9C}"
EndProject
Global
	GlobalSection(SolutionConfigurationPlatforms) = preSolution
		Debug|Any CPU = Debug|Any CPU
		Release|Any CPU = Release|Any CPU
	EndGlobalSection
	GlobalSection(ProjectConfigurationPlatforms) = postSolution
		{FC457F38-FF8B-483F-83B5-F095669A9B9C}.Debug|Any CPU.ActiveCfg = Debug|Any CPU
		{FC457F38-FF8B-483F-83B5-F095669A9B9C}.Debug|Any CPU.Build.0 = Debug|Any CPU
		{FC457F38-FF8B-483F-83B5-F095669A9B9C}.Release|Any CPU.ActiveCfg = Release|Any CPU
		{FC457F38-FF8B-483F-83B5-F095669A9B9C}.Release|Any CPU.Build.0 = Release|Any CPU
	EndGlobalSection
	GlobalSection(SolutionProperties) = preSolution
		HideSolutionNode = FALSE
	EndGlobalSection
	GlobalSection(ExtensibilityGlobals) = postSolution
		SolutionGuid = {70827D06-3861-46FF-9AA5-91125465E3AE}
	EndGlobalSection
EndGlobal
